// !$*UTF8*$!
{
	archiveVersion = 1;
	classes = {
	};
	objectVersion = 77;
	objects = {

/* Begin PBXBuildFile section */
		0EB0D3932ED3D31600DF122B /* TranslationAPI.swift in Sources */ = {isa = PBXBuildFile; fileRef = 0EB0D3922ED3D31600DF122B /* TranslationAPI.swift */; };
		0EB0D3982ED3D8A800DF122B /* FirebaseAuth in Frameworks */ = {isa = PBXBuildFile; productRef = 0EB0D3972ED3D8A800DF122B /* FirebaseAuth */; };
		0EB0D39A2ED3D8A800DF122B /* FirebaseFirestore in Frameworks */ = {isa = PBXBuildFile; productRef = 0EB0D3992ED3D8A800DF122B /* FirebaseFirestore */; };
		0EB0D39C2ED3E56600DF122B /* LoginView.swift in Sources */ = {isa = PBXBuildFile; fileRef = 0EB0D39B2ED3E56600DF122B /* LoginView.swift */; };
		0EB0D39E2ED3E5B700DF122B /* AuthManager.swift in Sources */ = {isa = PBXBuildFile; fileRef = 0EB0D39D2ED3E5B700DF122B /* AuthManager.swift */; };
		0EF3EA812ED402F90088F1AF /* TranslatorHomeView.swift in Sources */ = {isa = PBXBuildFile; fileRef = 0EF3EA802ED402F90088F1AF /* TranslatorHomeView.swift */; };
/* End PBXBuildFile section */

/* Begin PBXContainerItemProxy section */
		0EB0D3762ED3D2B500DF122B /* PBXContainerItemProxy */ = {
			isa = PBXContainerItemProxy;
			containerPortal = 0EB0D3602ED3D2B400DF122B /* Project object */;
			proxyType = 1;
			remoteGlobalIDString = 0EB0D3672ED3D2B400DF122B;
			remoteInfo = TranslateMe;
		};
		0EB0D3802ED3D2B500DF122B /* PBXContainerItemProxy */ = {
			isa = PBXContainerItemProxy;
			containerPortal = 0EB0D3602ED3D2B400DF122B /* Project object */;
			proxyType = 1;
			remoteGlobalIDString = 0EB0D3672ED3D2B400DF122B;
			remoteInfo = TranslateMe;
		};
/* End PBXContainerItemProxy section */

/* Begin PBXFileReference section */
		0EB0D3682ED3D2B400DF122B /* TranslateMe.app */ = {isa = PBXFileReference; explicitFileType = wrapper.application; includeInIndex = 0; path = TranslateMe.app; sourceTree = BUILT_PRODUCTS_DIR; };
		0EB0D3752ED3D2B500DF122B /* TranslateMeTests.xctest */ = {isa = PBXFileReference; explicitFileType = wrapper.cfbundle; includeInIndex = 0; path = TranslateMeTests.xctest; sourceTree = BUILT_PRODUCTS_DIR; };
		0EB0D37F2ED3D2B500DF122B /* TranslateMeUITests.xctest */ = {isa = PBXFileReference; explicitFileType = wrapper.cfbundle; includeInIndex = 0; path = TranslateMeUITests.xctest; sourceTree = BUILT_PRODUCTS_DIR; };
		0EB0D3922ED3D31600DF122B /* TranslationAPI.swift */ = {isa = PBXFileReference; lastKnownFileType = sourcecode.swift; path = TranslationAPI.swift; sourceTree = "<group>"; };
		0EB0D39B2ED3E56600DF122B /* LoginView.swift */ = {isa = PBXFileReference; lastKnownFileType = sourcecode.swift; path = LoginView.swift; sourceTree = "<group>"; };
		0EB0D39D2ED3E5B700DF122B /* AuthManager.swift */ = {isa = PBXFileReference; lastKnownFileType = sourcecode.swift; path = AuthManager.swift; sourceTree = "<group>"; };
		0EF3EA802ED402F90088F1AF /* TranslatorHomeView.swift */ = {isa = PBXFileReference; lastKnownFileType = sourcecode.swift; path = TranslatorHomeView.swift; sourceTree = "<group>"; };
/* End PBXFileReference section */

/* Begin PBXFileSystemSynchronizedRootGroup section */
		0EB0D36A2ED3D2B400DF122B /* TranslateMe */ = {
			isa = PBXFileSystemSynchronizedRootGroup;
			path = TranslateMe;
			sourceTree = "<group>";
		};
		0EB0D3782ED3D2B500DF122B /* TranslateMeTests */ = {
			isa = PBXFileSystemSynchronizedRootGroup;
			path = TranslateMeTests;
			sourceTree = "<group>";
		};
		0EB0D3822ED3D2B500DF122B /* TranslateMeUITests */ = {
			isa = PBXFileSystemSynchronizedRootGroup;
			path = TranslateMeUITests;
			sourceTree = "<group>";
		};
/* End PBXFileSystemSynchronizedRootGroup section */

/* Begin PBXFrameworksBuildPhase section */
		0EB0D3652ED3D2B400DF122B /* Frameworks */ = {
			isa = PBXFrameworksBuildPhase;
			buildActionMask = 2147483647;
			files = (
				0EB0D3982ED3D8A800DF122B /* FirebaseAuth in Frameworks */,
				0EB0D39A2ED3D8A800DF122B /* FirebaseFirestore in Frameworks */,
			);
			runOnlyForDeploymentPostprocessing = 0;
		};
		0EB0D3722ED3D2B500DF122B /* Frameworks */ = {
			isa = PBXFrameworksBuildPhase;
			buildActionMask = 2147483647;
			files = (
			);
			runOnlyForDeploymentPostprocessing = 0;
		};
		0EB0D37C2ED3D2B500DF122B /* Frameworks */ = {
			isa = PBXFrameworksBuildPhase;
			buildActionMask = 2147483647;
			files = (
			);
			runOnlyForDeploymentPostprocessing = 0;
		};
/* End PBXFrameworksBuildPhase section */

/* Begin PBXGroup section */
		0EB0D35F2ED3D2B400DF122B = {
			isa = PBXGroup;
			children = (
				0EF3EA802ED402F90088F1AF /* TranslatorHomeView.swift */,
				0EB0D39D2ED3E5B700DF122B /* AuthManager.swift */,
				0EB0D39B2ED3E56600DF122B /* LoginView.swift */,
				0EB0D3922ED3D31600DF122B /* TranslationAPI.swift */,
				0EB0D36A2ED3D2B400DF122B /* TranslateMe */,
				0EB0D3782ED3D2B500DF122B /* TranslateMeTests */,
				0EB0D3822ED3D2B500DF122B /* TranslateMeUITests */,
				0EB0D3692ED3D2B400DF122B /* Products */,
			);
			sourceTree = "<group>";
		};
		0EB0D3692ED3D2B400DF122B /* Products */ = {
			isa = PBXGroup;
			children = (
				0EB0D3682ED3D2B400DF122B /* TranslateMe.app */,
				0EB0D3752ED3D2B500DF122B /* TranslateMeTests.xctest */,
				0EB0D37F2ED3D2B500DF122B /* TranslateMeUITests.xctest */,
			);
			name = Products;
			sourceTree = "<group>";
		};
/* End PBXGroup section */

/* Begin PBXNativeTarget section */
		0EB0D3672ED3D2B400DF122B /* TranslateMe */ = {
			isa = PBXNativeTarget;
			buildConfigurationList = 0EB0D3892ED3D2B500DF122B /* Build configuration list for PBXNativeTarget "TranslateMe" */;
			buildPhases = (
				0EB0D3642ED3D2B400DF122B /* Sources */,
				0EB0D3652ED3D2B400DF122B /* Frameworks */,
				0EB0D3662ED3D2B400DF122B /* Resources */,
			);
			buildRules = (
			);
			dependencies = (
			);
			fileSystemSynchronizedGroups = (
				0EB0D36A2ED3D2B400DF122B /* TranslateMe */,
			);
			name = TranslateMe;
			packageProductDependencies = (
				0EB0D3972ED3D8A800DF122B /* FirebaseAuth */,
				0EB0D3992ED3D8A800DF122B /* FirebaseFirestore */,
			);
			productName = TranslateMe;
			productReference = 0EB0D3682ED3D2B400DF122B /* TranslateMe.app */;
			productType = "com.apple.product-type.application";
		};
		0EB0D3742ED3D2B500DF122B /* TranslateMeTests */ = {
			isa = PBXNativeTarget;
			buildConfigurationList = 0EB0D38C2ED3D2B500DF122B /* Build configuration list for PBXNativeTarget "TranslateMeTests" */;
			buildPhases = (
				0EB0D3712ED3D2B500DF122B /* Sources */,
				0EB0D3722ED3D2B500DF122B /* Frameworks */,
				0EB0D3732ED3D2B500DF122B /* Resources */,
			);
			buildRules = (
			);
			dependencies = (
				0EB0D3772ED3D2B500DF122B /* PBXTargetDependency */,
			);
			fileSystemSynchronizedGroups = (
				0EB0D3782ED3D2B500DF122B /* TranslateMeTests */,
			);
			name = TranslateMeTests;
			packageProductDependencies = (
			);
			productName = TranslateMeTests;
			productReference = 0EB0D3752ED3D2B500DF122B /* TranslateMeTests.xctest */;
			productType = "com.apple.product-type.bundle.unit-test";
		};
		0EB0D37E2ED3D2B500DF122B /* TranslateMeUITests */ = {
			isa = PBXNativeTarget;
			buildConfigurationList = 0EB0D38F2ED3D2B500DF122B /* Build configuration list for PBXNativeTarget "TranslateMeUITests" */;
			buildPhases = (
				0EB0D37B2ED3D2B500DF122B /* Sources */,
				0EB0D37C2ED3D2B500DF122B /* Frameworks */,
				0EB0D37D2ED3D2B500DF122B /* Resources */,
			);
			buildRules = (
			);
			dependencies = (
				0EB0D3812ED3D2B500DF122B /* PBXTargetDependency */,
			);
			fileSystemSynchronizedGroups = (
				0EB0D3822ED3D2B500DF122B /* TranslateMeUITests */,
			);
			name = TranslateMeUITests;
			packageProductDependencies = (
			);
			productName = TranslateMeUITests;
			productReference = 0EB0D37F2ED3D2B500DF122B /* TranslateMeUITests.xctest */;
			productType = "com.apple.product-type.bundle.ui-testing";
		};
/* End PBXNativeTarget section */

/* Begin PBXProject section */
		0EB0D3602ED3D2B400DF122B /* Project object */ = {
			isa = PBXProject;
			attributes = {
				BuildIndependentTargetsInParallel = 1;
				LastSwiftUpdateCheck = 1640;
				LastUpgradeCheck = 1640;
				TargetAttributes = {
					0EB0D3672ED3D2B400DF122B = {
						CreatedOnToolsVersion = 16.4;
					};
					0EB0D3742ED3D2B500DF122B = {
						CreatedOnToolsVersion = 16.4;
						TestTargetID = 0EB0D3672ED3D2B400DF122B;
					};
					0EB0D37E2ED3D2B500DF122B = {
						CreatedOnToolsVersion = 16.4;
						TestTargetID = 0EB0D3672ED3D2B400DF122B;
					};
				};
			};
			buildConfigurationList = 0EB0D3632ED3D2B400DF122B /* Build configuration list for PBXProject "TranslateMe" */;
			developmentRegion = en;
			hasScannedForEncodings = 0;
			knownRegions = (
				en,
				Base,
			);
			mainGroup = 0EB0D35F2ED3D2B400DF122B;
			minimizedProjectReferenceProxies = 1;
			packageReferences = (
				0EB0D3962ED3D8A800DF122B /* XCRemoteSwiftPackageReference "firebase-ios-sdk" */,
			);
			preferredProjectObjectVersion = 77;
			productRefGroup = 0EB0D3692ED3D2B400DF122B /* Products */;
			projectDirPath = "";
			projectRoot = "";
			targets = (
				0EB0D3672ED3D2B400DF122B /* TranslateMe */,
				0EB0D3742ED3D2B500DF122B /* TranslateMeTests */,
				0EB0D37E2ED3D2B500DF122B /* TranslateMeUITests */,
			);
		};
/* End PBXProject section */

/* Begin PBXResourcesBuildPhase section */
		0EB0D3662ED3D2B400DF122B /* Resources */ = {
			isa = PBXResourcesBuildPhase;
			buildActionMask = 2147483647;
			files = (
			);
			runOnlyForDeploymentPostprocessing = 0;
		};
		0EB0D3732ED3D2B500DF122B /* Resources */ = {
			isa = PBXResourcesBuildPhase;
			buildActionMask = 2147483647;
			files = (
			);
			runOnlyForDeploymentPostprocessing = 0;
		};
		0EB0D37D2ED3D2B500DF122B /* Resources */ = {
			isa = PBXResourcesBuildPhase;
			buildActionMask = 2147483647;
			files = (
			);
			runOnlyForDeploymentPostprocessing = 0;
		};
/* End PBXResourcesBuildPhase section */

/* Begin PBXSourcesBuildPhase section */
		0EB0D3642ED3D2B400DF122B /* Sources */ = {
			isa = PBXSourcesBuildPhase;
			buildActionMask = 2147483647;
			files = (
				0EB0D3932ED3D31600DF122B /* TranslationAPI.swift in Sources */,
				0EB0D39C2ED3E56600DF122B /* LoginView.swift in Sources */,
				0EB0D39E2ED3E5B700DF122B /* AuthManager.swift in Sources */,
				0EF3EA812ED402F90088F1AF /* TranslatorHomeView.swift in Sources */,
			);
			runOnlyForDeploymentPostprocessing = 0;
		};
		0EB0D3712ED3D2B500DF122B /* Sources */ = {
			isa = PBXSourcesBuildPhase;
			buildActionMask = 2147483647;
			files = (
			);
			runOnlyForDeploymentPostprocessing = 0;
		};
		0EB0D37B2ED3D2B500DF122B /* Sources */ = {
			isa = PBXSourcesBuildPhase;
			buildActionMask = 2147483647;
			files = (
			);
			runOnlyForDeploymentPostprocessing = 0;
		};
/* End PBXSourcesBuildPhase section */

/* Begin PBXTargetDependency section */
		0EB0D3772ED3D2B500DF122B /* PBXTargetDependency */ = {
			isa = PBXTargetDependency;
			target = 0EB0D3672ED3D2B400DF122B /* TranslateMe */;
			targetProxy = 0EB0D3762ED3D2B500DF122B /* PBXContainerItemProxy */;
		};
		0EB0D3812ED3D2B500DF122B /* PBXTargetDependency */ = {
			isa = PBXTargetDependency;
			target = 0EB0D3672ED3D2B400DF122B /* TranslateMe */;
			targetProxy = 0EB0D3802ED3D2B500DF122B /* PBXContainerItemProxy */;
		};
/* End PBXTargetDependency section */

/* Begin XCBuildConfiguration section */
		0EB0D3872ED3D2B500DF122B /* Debug */ = {
			isa = XCBuildConfiguration;
			buildSettings = {
				ALWAYS_SEARCH_USER_PATHS = NO;
				ASSETCATALOG_COMPILER_GENERATE_SWIFT_ASSET_SYMBOL_EXTENSIONS = YES;
				CLANG_ANALYZER_NONNULL = YES;
				CLANG_ANALYZER_NUMBER_OBJECT_CONVERSION = YES_AGGRESSIVE;
				CLANG_CXX_LANGUAGE_STANDARD = "gnu++20";
				CLANG_ENABLE_MODULES = YES;
				CLANG_ENABLE_OBJC_ARC = YES;
				CLANG_ENABLE_OBJC_WEAK = YES;
				CLANG_WARN_BLOCK_CAPTURE_AUTORELEASING = YES;
				CLANG_WARN_BOOL_CONVERSION = YES;
				CLANG_WARN_COMMA = YES;
				CLANG_WARN_CONSTANT_CONVERSION = YES;
				CLANG_WARN_DEPRECATED_OBJC_IMPLEMENTATIONS = YES;
				CLANG_WARN_DIRECT_OBJC_ISA_USAGE = YES_ERROR;
				CLANG_WARN_DOCUMENTATION_COMMENTS = YES;
				CLANG_WARN_EMPTY_BODY = YES;
				CLANG_WARN_ENUM_CONVERSION = YES;
				CLANG_WARN_INFINITE_RECURSION = YES;
				CLANG_WARN_INT_CONVERSION = YES;
				CLANG_WARN_NON_LITERAL_NULL_CONVERSION = YES;
				CLANG_WARN_OBJC_IMPLICIT_RETAIN_SELF = YES;
				CLANG_WARN_OBJC_LITERAL_CONVERSION = YES;
				CLANG_WARN_OBJC_ROOT_CLASS = YES_ERROR;
				CLANG_WARN_QUOTED_INCLUDE_IN_FRAMEWORK_HEADER = YES;
				CLANG_WARN_RANGE_LOOP_ANALYSIS = YES;
				CLANG_WARN_STRICT_PROTOTYPES = YES;
				CLANG_WARN_SUSPICIOUS_MOVE = YES;
				CLANG_WARN_UNGUARDED_AVAILABILITY = YES_AGGRESSIVE;
				CLANG_WARN_UNREACHABLE_CODE = YES;
				CLANG_WARN__DUPLICATE_METHOD_MATCH = YES;
				COPY_PHASE_STRIP = NO;
				DEBUG_INFORMATION_FORMAT = dwarf;
				ENABLE_STRICT_OBJC_MSGSEND = YES;
				ENABLE_TESTABILITY = YES;
				ENABLE_USER_SCRIPT_SANDBOXING = YES;
				GCC_C_LANGUAGE_STANDARD = gnu17;
				GCC_DYNAMIC_NO_PIC = NO;
				GCC_NO_COMMON_BLOCKS = YES;
				GCC_OPTIMIZATION_LEVEL = 0;
				GCC_PREPROCESSOR_DEFINITIONS = (
					"DEBUG=1",
					"$(inherited)",
				);
				GCC_WARN_64_TO_32_BIT_CONVERSION = YES;
				GCC_WARN_ABOUT_RETURN_TYPE = YES_ERROR;
				GCC_WARN_UNDECLARED_SELECTOR = YES;
				GCC_WARN_UNINITIALIZED_AUTOS = YES_AGGRESSIVE;
				GCC_WARN_UNUSED_FUNCTION = YES;
				GCC_WARN_UNUSED_VARIABLE = YES;
				IPHONEOS_DEPLOYMENT_TARGET = 18.5;
				LOCALIZATION_PREFERS_STRING_CATALOGS = YES;
				MTL_ENABLE_DEBUG_INFO = INCLUDE_SOURCE;
				MTL_FAST_MATH = YES;
				ONLY_ACTIVE_ARCH = YES;
				SDKROOT = iphoneos;
				SWIFT_ACTIVE_COMPILATION_CONDITIONS = "DEBUG $(inherited)";
				SWIFT_OPTIMIZATION_LEVEL = "-Onone";
			};
			name = Debug;
		};
		0EB0D3882ED3D2B500DF122B /* Release */ = {
			isa = XCBuildConfiguration;
			buildSettings = {
				ALWAYS_SEARCH_USER_PATHS = NO;
				ASSETCATALOG_COMPILER_GENERATE_SWIFT_ASSET_SYMBOL_EXTENSIONS = YES;
				CLANG_ANALYZER_NONNULL = YES;
				CLANG_ANALYZER_NUMBER_OBJECT_CONVERSION = YES_AGGRESSIVE;
				CLANG_CXX_LANGUAGE_STANDARD = "gnu++20";
				CLANG_ENABLE_MODULES = YES;
				CLANG_ENABLE_OBJC_ARC = YES;
				CLANG_ENABLE_OBJC_WEAK = YES;
				CLANG_WARN_BLOCK_CAPTURE_AUTORELEASING = YES;
				CLANG_WARN_BOOL_CONVERSION = YES;
				CLANG_WARN_COMMA = YES;
				CLANG_WARN_CONSTANT_CONVERSION = YES;
				CLANG_WARN_DEPRECATED_OBJC_IMPLEMENTATIONS = YES;
				CLANG_WARN_DIRECT_OBJC_ISA_USAGE = YES_ERROR;
				CLANG_WARN_DOCUMENTATION_COMMENTS = YES;
				CLANG_WARN_EMPTY_BODY = YES;
				CLANG_WARN_ENUM_CONVERSION = YES;
				CLANG_WARN_INFINITE_RECURSION = YES;
				CLANG_WARN_INT_CONVERSION = YES;
				CLANG_WARN_NON_LITERAL_NULL_CONVERSION = YES;
				CLANG_WARN_OBJC_IMPLICIT_RETAIN_SELF = YES;
				CLANG_WARN_OBJC_LITERAL_CONVERSION = YES;
				CLANG_WARN_OBJC_ROOT_CLASS = YES_ERROR;
				CLANG_WARN_QUOTED_INCLUDE_IN_FRAMEWORK_HEADER = YES;
				CLANG_WARN_RANGE_LOOP_ANALYSIS = YES;
				CLANG_WARN_STRICT_PROTOTYPES = YES;
				CLANG_WARN_SUSPICIOUS_MOVE = YES;
				CLANG_WARN_UNGUARDED_AVAILABILITY = YES_AGGRESSIVE;
				CLANG_WARN_UNREACHABLE_CODE = YES;
				CLANG_WARN__DUPLICATE_METHOD_MATCH = YES;
				COPY_PHASE_STRIP = NO;
				DEBUG_INFORMATION_FORMAT = "dwarf-with-dsym";
				ENABLE_NS_ASSERTIONS = NO;
				ENABLE_STRICT_OBJC_MSGSEND = YES;
				ENABLE_USER_SCRIPT_SANDBOXING = YES;
				GCC_C_LANGUAGE_STANDARD = gnu17;
				GCC_NO_COMMON_BLOCKS = YES;
				GCC_WARN_64_TO_32_BIT_CONVERSION = YES;
				GCC_WARN_ABOUT_RETURN_TYPE = YES_ERROR;
				GCC_WARN_UNDECLARED_SELECTOR = YES;
				GCC_WARN_UNINITIALIZED_AUTOS = YES_AGGRESSIVE;
				GCC_WARN_UNUSED_FUNCTION = YES;
				GCC_WARN_UNUSED_VARIABLE = YES;
				IPHONEOS_DEPLOYMENT_TARGET = 18.5;
				LOCALIZATION_PREFERS_STRING_CATALOGS = YES;
				MTL_ENABLE_DEBUG_INFO = NO;
				MTL_FAST_MATH = YES;
				SDKROOT = iphoneos;
				SWIFT_COMPILATION_MODE = wholemodule;
				VALIDATE_PRODUCT = YES;
			};
			name = Release;
		};
		0EB0D38A2ED3D2B500DF122B /* Debug */ = {
			isa = XCBuildConfiguration;
			buildSettings = {
				ASSETCATALOG_COMPILER_APPICON_NAME = AppIcon;
				ASSETCATALOG_COMPILER_GLOBAL_ACCENT_COLOR_NAME = AccentColor;
				CODE_SIGN_STYLE = Automatic;
				CURRENT_PROJECT_VERSION = 1;
				ENABLE_PREVIEWS = YES;
				GENERATE_INFOPLIST_FILE = YES;
				INFOPLIST_KEY_UIApplicationSceneManifest_Generation = YES;
				INFOPLIST_KEY_UIApplicationSupportsIndirectInputEvents = YES;
				INFOPLIST_KEY_UILaunchScreen_Generation = YES;
				INFOPLIST_KEY_UISupportedInterfaceOrientations_iPad = "UIInterfaceOrientationPortrait UIInterfaceOrientationPortraitUpsideDown UIInterfaceOrientationLandscapeLeft UIInterfaceOrientationLandscapeRight";
				INFOPLIST_KEY_UISupportedInterfaceOrientations_iPhone = "UIInterfaceOrientationPortrait UIInterfaceOrientationLandscapeLeft UIInterfaceOrientationLandscapeRight";
				LD_RUNPATH_SEARCH_PATHS = (
					"$(inherited)",
					"@executable_path/Frameworks",
				);
				MARKETING_VERSION = 1.0;
				PRODUCT_BUNDLE_IDENTIFIER = ios.nstri010.fiu.edu.TranslateMe;
				PRODUCT_NAME = "$(TARGET_NAME)";
				SWIFT_EMIT_LOC_STRINGS = YES;
				SWIFT_VERSION = 5.0;
				TARGETED_DEVICE_FAMILY = "1,2";
			};
			name = Debug;
		};
		0EB0D38B2ED3D2B500DF122B /* Release */ = {
			isa = XCBuildConfiguration;
			buildSettings = {
				ASSETCATALOG_COMPILER_APPICON_NAME = AppIcon;
				ASSETCATALOG_COMPILER_GLOBAL_ACCENT_COLOR_NAME = AccentColor;
				CODE_SIGN_STYLE = Automatic;
				CURRENT_PROJECT_VERSION = 1;
				ENABLE_PREVIEWS = YES;
				GENERATE_INFOPLIST_FILE = YES;
				INFOPLIST_KEY_UIApplicationSceneManifest_Generation = YES;
				INFOPLIST_KEY_UIApplicationSupportsIndirectInputEvents = YES;
				INFOPLIST_KEY_UILaunchScreen_Generation = YES;
				INFOPLIST_KEY_UISupportedInterfaceOrientations_iPad = "UIInterfaceOrientationPortrait UIInterfaceOrientationPortraitUpsideDown UIInterfaceOrientationLandscapeLeft UIInterfaceOrientationLandscapeRight";
				INFOPLIST_KEY_UISupportedInterfaceOrientations_iPhone = "UIInterfaceOrientationPortrait UIInterfaceOrientationLandscapeLeft UIInterfaceOrientationLandscapeRight";
				LD_RUNPATH_SEARCH_PATHS = (
					"$(inherited)",
					"@executable_path/Frameworks",
				);
				MARKETING_VERSION = 1.0;
				PRODUCT_BUNDLE_IDENTIFIER = ios.nstri010.fiu.edu.TranslateMe;
				PRODUCT_NAME = "$(TARGET_NAME)";
				SWIFT_EMIT_LOC_STRINGS = YES;
				SWIFT_VERSION = 5.0;
				TARGETED_DEVICE_FAMILY = "1,2";
			};
			name = Release;
		};
		0EB0D38D2ED3D2B500DF122B /* Debug */ = {
			isa = XCBuildConfiguration;
			buildSettings = {
				BUNDLE_LOADER = "$(TEST_HOST)";
				CODE_SIGN_STYLE = Automatic;
				CURRENT_PROJECT_VERSION = 1;
				GENERATE_INFOPLIST_FILE = YES;
				IPHONEOS_DEPLOYMENT_TARGET = 18.5;
				MARKETING_VERSION = 1.0;
				PRODUCT_BUNDLE_IDENTIFIER = ios.nstri010.fiu.edu.TranslateMeTests;
				PRODUCT_NAME = "$(TARGET_NAME)";
				SWIFT_EMIT_LOC_STRINGS = NO;
				SWIFT_VERSION = 5.0;
				TARGETED_DEVICE_FAMILY = "1,2";
				TEST_HOST = "$(BUILT_PRODUCTS_DIR)/TranslateMe.app/$(BUNDLE_EXECUTABLE_FOLDER_PATH)/TranslateMe";
			};
			name = Debug;
		};
		0EB0D38E2ED3D2B500DF122B /* Release */ = {
			isa = XCBuildConfiguration;
			buildSettings = {
				BUNDLE_LOADER = "$(TEST_HOST)";
				CODE_SIGN_STYLE = Automatic;
				CURRENT_PROJECT_VERSION = 1;
				GENERATE_INFOPLIST_FILE = YES;
				IPHONEOS_DEPLOYMENT_TARGET = 18.5;
				MARKETING_VERSION = 1.0;
				PRODUCT_BUNDLE_IDENTIFIER = ios.nstri010.fiu.edu.TranslateMeTests;
				PRODUCT_NAME = "$(TARGET_NAME)";
				SWIFT_EMIT_LOC_STRINGS = NO;
				SWIFT_VERSION = 5.0;
				TARGETED_DEVICE_FAMILY = "1,2";
				TEST_HOST = "$(BUILT_PRODUCTS_DIR)/TranslateMe.app/$(BUNDLE_EXECUTABLE_FOLDER_PATH)/TranslateMe";
			};
			name = Release;
		};
		0EB0D3902ED3D2B500DF122B /* Debug */ = {
			isa = XCBuildConfiguration;
			buildSettings = {
				CODE_SIGN_STYLE = Automatic;
				CURRENT_PROJECT_VERSION = 1;
				GENERATE_INFOPLIST_FILE = YES;
				MARKETING_VERSION = 1.0;
				PRODUCT_BUNDLE_IDENTIFIER = ios.nstri010.fiu.edu.TranslateMeUITests;
				PRODUCT_NAME = "$(TARGET_NAME)";
				SWIFT_EMIT_LOC_STRINGS = NO;
				SWIFT_VERSION = 5.0;
				TARGETED_DEVICE_FAMILY = "1,2";
				TEST_TARGET_NAME = TranslateMe;
			};
			name = Debug;
		};
		0EB0D3912ED3D2B500DF122B /* Release */ = {
			isa = XCBuildConfiguration;
			buildSettings = {
				CODE_SIGN_STYLE = Automatic;
				CURRENT_PROJECT_VERSION = 1;
				GENERATE_INFOPLIST_FILE = YES;
				MARKETING_VERSION = 1.0;
				PRODUCT_BUNDLE_IDENTIFIER = ios.nstri010.fiu.edu.TranslateMeUITests;
				PRODUCT_NAME = "$(TARGET_NAME)";
				SWIFT_EMIT_LOC_STRINGS = NO;
				SWIFT_VERSION = 5.0;
				TARGETED_DEVICE_FAMILY = "1,2";
				TEST_TARGET_NAME = TranslateMe;
			};
			name = Release;
		};
/* End XCBuildConfiguration section */

/* Begin XCConfigurationList section */
		0EB0D3632ED3D2B400DF122B /* Build configuration list for PBXProject "TranslateMe" */ = {
			isa = XCConfigurationList;
			buildConfigurations = (
				0EB0D3872ED3D2B500DF122B /* Debug */,
				0EB0D3882ED3D2B500DF122B /* Release */,
			);
			defaultConfigurationIsVisible = 0;
			defaultConfigurationName = Release;
		};
		0EB0D3892ED3D2B500DF122B /* Build configuration list for PBXNativeTarget "TranslateMe" */ = {
			isa = XCConfigurationList;
			buildConfigurations = (
				0EB0D38A2ED3D2B500DF122B /* Debug */,
				0EB0D38B2ED3D2B500DF122B /* Release */,
			);
			defaultConfigurationIsVisible = 0;
			defaultConfigurationName = Release;
		};
		0EB0D38C2ED3D2B500DF122B /* Build configuration list for PBXNativeTarget "TranslateMeTests" */ = {
			isa = XCConfigurationList;
			buildConfigurations = (
				0EB0D38D2ED3D2B500DF122B /* Debug */,
				0EB0D38E2ED3D2B500DF122B /* Release */,
			);
			defaultConfigurationIsVisible = 0;
			defaultConfigurationName = Release;
		};
		0EB0D38F2ED3D2B500DF122B /* Build configuration list for PBXNativeTarget "TranslateMeUITests" */ = {
			isa = XCConfigurationList;
			buildConfigurations = (
				0EB0D3902ED3D2B500DF122B /* Debug */,
				0EB0D3912ED3D2B500DF122B /* Release */,
			);
			defaultConfigurationIsVisible = 0;
			defaultConfigurationName = Release;
		};
/* End XCConfigurationList section */

/* Begin XCRemoteSwiftPackageReference section */
		0EB0D3962ED3D8A800DF122B /* XCRemoteSwiftPackageReference "firebase-ios-sdk" */ = {
			isa = XCRemoteSwiftPackageReference;
			repositoryURL = "https://github.com/firebase/firebase-ios-sdk";
			requirement = {
				kind = upToNextMajorVersion;
				minimumVersion = 12.6.0;
			};
		};
/* End XCRemoteSwiftPackageReference section */

/* Begin XCSwiftPackageProductDependency section */
		0EB0D3972ED3D8A800DF122B /* FirebaseAuth */ = {
			isa = XCSwiftPackageProductDependency;
			package = 0EB0D3962ED3D8A800DF122B /* XCRemoteSwiftPackageReference "firebase-ios-sdk" */;
			productName = FirebaseAuth;
		};
		0EB0D3992ED3D8A800DF122B /* FirebaseFirestore */ = {
			isa = XCSwiftPackageProductDependency;
			package = 0EB0D3962ED3D8A800DF122B /* XCRemoteSwiftPackageReference "firebase-ios-sdk" */;
			productName = FirebaseFirestore;
		};
/* End XCSwiftPackageProductDependency section */
	};
	rootObject = 0EB0D3602ED3D2B400DF122B /* Project object */;
}
